
Microsoft Visual Studio Solution File, Format Version 12.00
# Visual Studio 15
VisualStudioVersion = 15.0.26124.0
MinimumVisualStudioVersion = 15.0.26124.0
Project("{FAE04EC0-301F-11D3-BF4B-00C04F79EFBC}") = "API", "API\API.csproj", "{11BDB238-570E-4CA0-B333-7020956D7C39}"
EndProject
Project("{FAE04EC0-301F-11D3-BF4B-00C04F79EFBC}") = "Application", "Application\Application.csproj", "{E0A627D6-8BFE-4EA4-BA58-1988F3738D62}"
EndProject
Project("{FAE04EC0-301F-11D3-BF4B-00C04F79EFBC}") = "Persistence", "Persistence\Persistence.csproj", "{855D323C-AEF2-4640-AAA8-6E1E7DE35DB0}"
EndProject
Project("{FAE04EC0-301F-11D3-BF4B-00C04F79EFBC}") = "Domain", "Domain\Domain.csproj", "{3A2669EF-9650-4A29-9BFD-B72FBC820E61}"
EndProject
Project("{FAE04EC0-301F-11D3-BF4B-00C04F79EFBC}") = "Infrastructure", "Infrastructure\Infrastructure.csproj", "{AF55C9E3-07CA-402D-B99D-185B08AC3255}"
EndProject
Global
	GlobalSection(SolutionConfigurationPlatforms) = preSolution
		Debug|Any CPU = Debug|Any CPU
		Debug|x64 = Debug|x64
		Debug|x86 = Debug|x86
		Release|Any CPU = Release|Any CPU
		Release|x64 = Release|x64
		Release|x86 = Release|x86
	EndGlobalSection
	GlobalSection(SolutionProperties) = preSolution
		HideSolutionNode = FALSE
	EndGlobalSection
	GlobalSection(ProjectConfigurationPlatforms) = postSolution
		{11BDB238-570E-4CA0-B333-7020956D7C39}.Debug|Any CPU.ActiveCfg = Debug|Any CPU
		{11BDB238-570E-4CA0-B333-7020956D7C39}.Debug|Any CPU.Build.0 = Debug|Any CPU
		{11BDB238-570E-4CA0-B333-7020956D7C39}.Debug|x64.ActiveCfg = Debug|Any CPU
		{11BDB238-570E-4CA0-B333-7020956D7C39}.Debug|x64.Build.0 = Debug|Any CPU
		{11BDB238-570E-4CA0-B333-7020956D7C39}.Debug|x86.ActiveCfg = Debug|Any CPU
		{11BDB238-570E-4CA0-B333-7020956D7C39}.Debug|x86.Build.0 = Debug|Any CPU
		{11BDB238-570E-4CA0-B333-7020956D7C39}.Release|Any CPU.ActiveCfg = Release|Any CPU
		{11BDB238-570E-4CA0-B333-7020956D7C39}.Release|Any CPU.Build.0 = Release|Any CPU
		{11BDB238-570E-4CA0-B333-7020956D7C39}.Release|x64.ActiveCfg = Release|Any CPU
		{11BDB238-570E-4CA0-B333-7020956D7C39}.Release|x64.Build.0 = Release|Any CPU
		{11BDB238-570E-4CA0-B333-7020956D7C39}.Release|x86.ActiveCfg = Release|Any CPU
		{11BDB238-570E-4CA0-B333-7020956D7C39}.Release|x86.Build.0 = Release|Any CPU
		{E0A627D6-8BFE-4EA4-BA58-1988F3738D62}.Debug|Any CPU.ActiveCfg = Debug|Any CPU
		{E0A627D6-8BFE-4EA4-BA58-1988F3738D62}.Debug|Any CPU.Build.0 = Debug|Any CPU
		{E0A627D6-8BFE-4EA4-BA58-1988F3738D62}.Debug|x64.ActiveCfg = Debug|Any CPU
		{E0A627D6-8BFE-4EA4-BA58-1988F3738D62}.Debug|x64.Build.0 = Debug|Any CPU
		{E0A627D6-8BFE-4EA4-BA58-1988F3738D62}.Debug|x86.ActiveCfg = Debug|Any CPU
		{E0A627D6-8BFE-4EA4-BA58-1988F3738D62}.Debug|x86.Build.0 = Debug|Any CPU
		{E0A627D6-8BFE-4EA4-BA58-1988F3738D62}.Release|Any CPU.ActiveCfg = Release|Any CPU
		{E0A627D6-8BFE-4EA4-BA58-1988F3738D62}.Release|Any CPU.Build.0 = Release|Any CPU
		{E0A627D6-8BFE-4EA4-BA58-1988F3738D62}.Release|x64.ActiveCfg = Release|Any CPU
		{E0A627D6-8BFE-4EA4-BA58-1988F3738D62}.Release|x64.Build.0 = Release|Any CPU
		{E0A627D6-8BFE-4EA4-BA58-1988F3738D62}.Release|x86.ActiveCfg = Release|Any CPU
		{E0A627D6-8BFE-4EA4-BA58-1988F3738D62}.Release|x86.Build.0 = Release|Any CPU
		{855D323C-AEF2-4640-AAA8-6E1E7DE35DB0}.Debug|Any CPU.ActiveCfg = Debug|Any CPU
		{855D323C-AEF2-4640-AAA8-6E1E7DE35DB0}.Debug|Any CPU.Build.0 = Debug|Any CPU
		{855D323C-AEF2-4640-AAA8-6E1E7DE35DB0}.Debug|x64.ActiveCfg = Debug|Any CPU
		{855D323C-AEF2-4640-AAA8-6E1E7DE35DB0}.Debug|x64.Build.0 = Debug|Any CPU
		{855D323C-AEF2-4640-AAA8-6E1E7DE35DB0}.Debug|x86.ActiveCfg = Debug|Any CPU
		{855D323C-AEF2-4640-AAA8-6E1E7DE35DB0}.Debug|x86.Build.0 = Debug|Any CPU
		{855D323C-AEF2-4640-AAA8-6E1E7DE35DB0}.Release|Any CPU.ActiveCfg = Release|Any CPU
		{855D323C-AEF2-4640-AAA8-6E1E7DE35DB0}.Release|Any CPU.Build.0 = Release|Any CPU
		{855D323C-AEF2-4640-AAA8-6E1E7DE35DB0}.Release|x64.ActiveCfg = Release|Any CPU
		{855D323C-AEF2-4640-AAA8-6E1E7DE35DB0}.Release|x64.Build.0 = Release|Any CPU
		{855D323C-AEF2-4640-AAA8-6E1E7DE35DB0}.Release|x86.ActiveCfg = Release|Any CPU
		{855D323C-AEF2-4640-AAA8-6E1E7DE35DB0}.Release|x86.Build.0 = Release|Any CPU
		{3A2669EF-9650-4A29-9BFD-B72FBC820E61}.Debug|Any CPU.ActiveCfg = Debug|Any CPU
		{3A2669EF-9650-4A29-9BFD-B72FBC820E61}.Debug|Any CPU.Build.0 = Debug|Any CPU
		{3A2669EF-9650-4A29-9BFD-B72FBC820E61}.Debug|x64.ActiveCfg = Debug|Any CPU
		{3A2669EF-9650-4A29-9BFD-B72FBC820E61}.Debug|x64.Build.0 = Debug|Any CPU
		{3A2669EF-9650-4A29-9BFD-B72FBC820E61}.Debug|x86.ActiveCfg = Debug|Any CPU
		{3A2669EF-9650-4A29-9BFD-B72FBC820E61}.Debug|x86.Build.0 = Debug|Any CPU
		{3A2669EF-9650-4A29-9BFD-B72FBC820E61}.Release|Any CPU.ActiveCfg = Release|Any CPU
		{3A2669EF-9650-4A29-9BFD-B72FBC820E61}.Release|Any CPU.Build.0 = Release|Any CPU
		{3A2669EF-9650-4A29-9BFD-B72FBC820E61}.Release|x64.ActiveCfg = Release|Any CPU
		{3A2669EF-9650-4A29-9BFD-B72FBC820E61}.Release|x64.Build.0 = Release|Any CPU
		{3A2669EF-9650-4A29-9BFD-B72FBC820E61}.Release|x86.ActiveCfg = Release|Any CPU
		{3A2669EF-9650-4A29-9BFD-B72FBC820E61}.Release|x86.Build.0 = Release|Any CPU
		{AF55C9E3-07CA-402D-B99D-185B08AC3255}.Debug|Any CPU.ActiveCfg = Debug|Any CPU
		{AF55C9E3-07CA-402D-B99D-185B08AC3255}.Debug|Any CPU.Build.0 = Debug|Any CPU
		{AF55C9E3-07CA-402D-B99D-185B08AC3255}.Debug|x64.ActiveCfg = Debug|Any CPU
		{AF55C9E3-07CA-402D-B99D-185B08AC3255}.Debug|x64.Build.0 = Debug|Any CPU
		{AF55C9E3-07CA-402D-B99D-185B08AC3255}.Debug|x86.ActiveCfg = Debug|Any CPU
		{AF55C9E3-07CA-402D-B99D-185B08AC3255}.Debug|x86.Build.0 = Debug|Any CPU
		{AF55C9E3-07CA-402D-B99D-185B08AC3255}.Release|Any CPU.ActiveCfg = Release|Any CPU
		{AF55C9E3-07CA-402D-B99D-185B08AC3255}.Release|Any CPU.Build.0 = Release|Any CPU
		{AF55C9E3-07CA-402D-B99D-185B08AC3255}.Release|x64.ActiveCfg = Release|Any CPU
		{AF55C9E3-07CA-402D-B99D-185B08AC3255}.Release|x64.Build.0 = Release|Any CPU
		{AF55C9E3-07CA-402D-B99D-185B08AC3255}.Release|x86.ActiveCfg = Release|Any CPU
		{AF55C9E3-07CA-402D-B99D-185B08AC3255}.Release|x86.Build.0 = Release|Any CPU
	EndGlobalSection
EndGlobal
